{
  "name": "js",
  "lockfileVersion": 3,
  "requires": true,
  "packages": {
    "": {
      "dependencies": {
        "dcp-client": "file:../../../dcp-client"
      }
    },
    "../../../dcp-client": {
      "version": "4.4.6",
      "license": "MIT",
      "dependencies": {
        "@kingsds/socket.io-client": "^4.5.4",
        "@kingsds/xmlhttprequest-ssl": "^2.1.0",
        "atob": "2.1.2",
        "bravojs": "^1.0.16",
        "btoa": "^1.2.1",
        "chalk": "^4.1.2",
        "ethereumjs-util": "^7.1.5",
        "ethereumjs-wallet": "^1.0.2",
        "html-to-text": "^5.1.1",
        "http-proxy-agent": "^4.0.1",
        "https-agent": "^1.0.0",
        "https-proxy-agent": "^5.0.0",
        "kvin": "1.2.14",
        "nanoid": "3.3.7",
        "physical-cpu-count": "^2.0.0",
        "polyfill-crypto.getrandomvalues": "^1.0.0",
        "regedit": "^3.0.3",
        "semver": "^7.3.5",
        "webpack": "5.92.0",
        "webpack-cli": "^4.7.2",
        "yargs": "16.2.0"
      },
      "devDependencies": {
        "@kingsds/eslint-config": "1.0.1",
        "eslint": "7.30.0",
        "express": "^4.18.2",
        "peter": "2.4.5"
      },
      "engines": {
        "node": ">=18",
        "npm": ">=7"
      }
    },
    "node_modules/dcp-client": {
      "resolved": "../../../dcp-client",
      "link": true
    }
  }
}
